
Microsoft Visual Studio Solution File, Format Version 12.00
# Visual Studio Version 16
VisualStudioVersion = 16.0.31911.196
MinimumVisualStudioVersion = 10.0.40219.1
Project("{FAE04EC0-301F-11D3-BF4B-00C04F79EFBC}") = "CapaPresentacionAdmin", "CapaPresentacionAdmin\CapaPresentacionAdmin.csproj", "{E62B81D8-6CA9-4E30-84E8-39EA5BDFDF25}"
EndProject
Project("{FAE04EC0-301F-11D3-BF4B-00C04F79EFBC}") = "CapaDatos", "CapaDatos\CapaDatos.csproj", "{BF478CCB-74E2-4181-ADF2-B858D2B0FE09}"
EndProject
Project("{FAE04EC0-301F-11D3-BF4B-00C04F79EFBC}") = "CapaEntidad", "CapaEntidad\CapaEntidad.csproj", "{AEC34ECE-15F4-41A4-8DDD-074C7DF820C5}"
EndProject
Project("{FAE04EC0-301F-11D3-BF4B-00C04F79EFBC}") = "CapaAdmin", "CapaNegocio\CapaAdmin.csproj", "{089ED216-CB4E-4641-9809-14DFCF28755A}"
EndProject
Global
	GlobalSection(SolutionConfigurationPlatforms) = preSolution
		Debug|Any CPU = Debug|Any CPU
		Release|Any CPU = Release|Any CPU
	EndGlobalSection
	GlobalSection(ProjectConfigurationPlatforms) = postSolution
		{E62B81D8-6CA9-4E30-84E8-39EA5BDFDF25}.Debug|Any CPU.ActiveCfg = Debug|Any CPU
		{E62B81D8-6CA9-4E30-84E8-39EA5BDFDF25}.Debug|Any CPU.Build.0 = Debug|Any CPU
		{E62B81D8-6CA9-4E30-84E8-39EA5BDFDF25}.Release|Any CPU.ActiveCfg = Release|Any CPU
		{E62B81D8-6CA9-4E30-84E8-39EA5BDFDF25}.Release|Any CPU.Build.0 = Release|Any CPU
		{BF478CCB-74E2-4181-ADF2-B858D2B0FE09}.Debug|Any CPU.ActiveCfg = Debug|Any CPU
		{BF478CCB-74E2-4181-ADF2-B858D2B0FE09}.Debug|Any CPU.Build.0 = Debug|Any CPU
		{BF478CCB-74E2-4181-ADF2-B858D2B0FE09}.Release|Any CPU.ActiveCfg = Release|Any CPU
		{BF478CCB-74E2-4181-ADF2-B858D2B0FE09}.Release|Any CPU.Build.0 = Release|Any CPU
		{AEC34ECE-15F4-41A4-8DDD-074C7DF820C5}.Debug|Any CPU.ActiveCfg = Debug|Any CPU
		{AEC34ECE-15F4-41A4-8DDD-074C7DF820C5}.Debug|Any CPU.Build.0 = Debug|Any CPU
		{AEC34ECE-15F4-41A4-8DDD-074C7DF820C5}.Release|Any CPU.ActiveCfg = Release|Any CPU
		{AEC34ECE-15F4-41A4-8DDD-074C7DF820C5}.Release|Any CPU.Build.0 = Release|Any CPU
		{089ED216-CB4E-4641-9809-14DFCF28755A}.Debug|Any CPU.ActiveCfg = Debug|Any CPU
		{089ED216-CB4E-4641-9809-14DFCF28755A}.Debug|Any CPU.Build.0 = Debug|Any CPU
		{089ED216-CB4E-4641-9809-14DFCF28755A}.Release|Any CPU.ActiveCfg = Release|Any CPU
		{089ED216-CB4E-4641-9809-14DFCF28755A}.Release|Any CPU.Build.0 = Release|Any CPU
	EndGlobalSection
	GlobalSection(SolutionProperties) = preSolution
		HideSolutionNode = FALSE
	EndGlobalSection
	GlobalSection(ExtensibilityGlobals) = postSolution
		SolutionGuid = {A4B5122B-8F68-4257-A2B3-FFFAF9F4F702}
	EndGlobalSection
EndGlobal
